// !$*UTF8*$!
{
	archiveVersion = 1;
	classes = {
	};
	objectVersion = 48;
	objects = {

/* Begin PBXBuildFile section */
		FA76FDCF201BBB4700F0B2A9 /* AppDelegate.swift in Sources */ = {isa = PBXBuildFile; fileRef = FA76FDCE201BBB4700F0B2A9 /* AppDelegate.swift */; };
		FA76FDD1201BBB4700F0B2A9 /* ViewController.swift in Sources */ = {isa = PBXBuildFile; fileRef = FA76FDD0201BBB4700F0B2A9 /* ViewController.swift */; };
		FA76FDD4201BBB4700F0B2A9 /* Main.storyboard in Resources */ = {isa = PBXBuildFile; fileRef = FA76FDD2201BBB4700F0B2A9 /* Main.storyboard */; };
		FA76FDD6201BBB4700F0B2A9 /* Assets.xcassets in Resources */ = {isa = PBXBuildFile; fileRef = FA76FDD5201BBB4700F0B2A9 /* Assets.xcassets */; };
		FA76FDD9201BBB4700F0B2A9 /* LaunchScreen.storyboard in Resources */ = {isa = PBXBuildFile; fileRef = FA76FDD7201BBB4700F0B2A9 /* LaunchScreen.storyboard */; };
/* End PBXBuildFile section */

/* Begin PBXFileReference section */
		FA76FDCB201BBB4700F0B2A9 /* acasa_tech_test.app */ = {isa = PBXFileReference; explicitFileType = wrapper.application; includeInIndex = 0; path = acasa_tech_test.app; sourceTree = BUILT_PRODUCTS_DIR; };
		FA76FDCE201BBB4700F0B2A9 /* AppDelegate.swift */ = {isa = PBXFileReference; lastKnownFileType = sourcecode.swift; path = AppDelegate.swift; sourceTree = "<group>"; };
		FA76FDD0201BBB4700F0B2A9 /* ViewController.swift */ = {isa = PBXFileReference; lastKnownFileType = sourcecode.swift; path = ViewController.swift; sourceTree = "<group>"; };
		FA76FDD3201BBB4700F0B2A9 /* Base */ = {isa = PBXFileReference; lastKnownFileType = file.storyboard; name = Base; path = Base.lproj/Main.storyboard; sourceTree = "<group>"; };
		FA76FDD5201BBB4700F0B2A9 /* Assets.xcassets */ = {isa = PBXFileReference; lastKnownFileType = folder.assetcatalog; path = Assets.xcassets; sourceTree = "<group>"; };
		FA76FDD8201BBB4700F0B2A9 /* Base */ = {isa = PBXFileReference; lastKnownFileType = file.storyboard; name = Base; path = Base.lproj/LaunchScreen.storyboard; sourceTree = "<group>"; };
		FA76FDDA201BBB4700F0B2A9 /* Info.plist */ = {isa = PBXFileReference; lastKnownFileType = text.plist.xml; path = Info.plist; sourceTree = "<group>"; };
/* End PBXFileReference section */

/* Begin PBXFrameworksBuildPhase section */
		FA76FDC8201BBB4700F0B2A9 /* Frameworks */ = {
			isa = PBXFrameworksBuildPhase;
			buildActionMask = 2147483647;
			files = (
			);
			runOnlyForDeploymentPostprocessing = 0;
		};
/* End PBXFrameworksBuildPhase section */

/* Begin PBXGroup section */
		FA76FDC2201BBB4700F0B2A9 = {
			isa = PBXGroup;
			children = (
				FA76FDCD201BBB4700F0B2A9 /* acasa_tech_test */,
				FA76FDCC201BBB4700F0B2A9 /* Products */,
			);
			sourceTree = "<group>";
		};
		FA76FDCC201BBB4700F0B2A9 /* Products */ = {
			isa = PBXGroup;
			children = (
				FA76FDCB201BBB4700F0B2A9 /* acasa_tech_test.app */,
			);
			name = Products;
			sourceTree = "<group>";
		};
		FA76FDCD201BBB4700F0B2A9 /* acasa_tech_test */ = {
			isa = PBXGroup;
			children = (
				FA76FDCE201BBB4700F0B2A9 /* AppDelegate.swift */,
				FA76FDD0201BBB4700F0B2A9 /* ViewController.swift */,
				FA76FDD2201BBB4700F0B2A9 /* Main.storyboard */,
				FA76FDD5201BBB4700F0B2A9 /* Assets.xcassets */,
				FA76FDD7201BBB4700F0B2A9 /* LaunchScreen.storyboard */,
				FA76FDDA201BBB4700F0B2A9 /* Info.plist */,
			);
			path = acasa_tech_test;
			sourceTree = "<group>";
		};
/* End PBXGroup section */

/* Begin PBXNativeTarget section */
		FA76FDCA201BBB4700F0B2A9 /* acasa_tech_test */ = {
			isa = PBXNativeTarget;
			buildConfigurationList = FA76FDDD201BBB4700F0B2A9 /* Build configuration list for PBXNativeTarget "acasa_tech_test" */;
			buildPhases = (
				FA76FDC7201BBB4700F0B2A9 /* Sources */,
				FA76FDC8201BBB4700F0B2A9 /* Frameworks */,
				FA76FDC9201BBB4700F0B2A9 /* Resources */,
			);
			buildRules = (
			);
			dependencies = (
			);
			name = acasa_tech_test;
			productName = acasa_tech_test;
			productReference = FA76FDCB201BBB4700F0B2A9 /* acasa_tech_test.app */;
			productType = "com.apple.product-type.application";
		};
/* End PBXNativeTarget section */

/* Begin PBXProject section */
		FA76FDC3201BBB4700F0B2A9 /* Project object */ = {
			isa = PBXProject;
			attributes = {
				LastSwiftUpdateCheck = 0920;
				LastUpgradeCheck = 0920;
				ORGANIZATIONNAME = "Alex Little";
				TargetAttributes = {
					FA76FDCA201BBB4700F0B2A9 = {
						CreatedOnToolsVersion = 9.2;
						ProvisioningStyle = Automatic;
					};
				};
			};
			buildConfigurationList = FA76FDC6201BBB4700F0B2A9 /* Build configuration list for PBXProject "acasa_tech_test" */;
			compatibilityVersion = "Xcode 8.0";
			developmentRegion = en;
			hasScannedForEncodings = 0;
			knownRegions = (
				en,
				Base,
			);
			mainGroup = FA76FDC2201BBB4700F0B2A9;
			productRefGroup = FA76FDCC201BBB4700F0B2A9 /* Products */;
			projectDirPath = "";
			projectRoot = "";
			targets = (
				FA76FDCA201BBB4700F0B2A9 /* acasa_tech_test */,
			);
		};
/* End PBXProject section */

/* Begin PBXResourcesBuildPhase section */
		FA76FDC9201BBB4700F0B2A9 /* Resources */ = {
			isa = PBXResourcesBuildPhase;
			buildActionMask = 2147483647;
			files = (
				FA76FDD9201BBB4700F0B2A9 /* LaunchScreen.storyboard in Resources */,
				FA76FDD6201BBB4700F0B2A9 /* Assets.xcassets in Resources */,
				FA76FDD4201BBB4700F0B2A9 /* Main.storyboard in Resources */,
			);
			runOnlyForDeploymentPostprocessing = 0;
		};
/* End PBXResourcesBuildPhase section */

/* Begin PBXSourcesBuildPhase section */
		FA76FDC7201BBB4700F0B2A9 /* Sources */ = {
			isa = PBXSourcesBuildPhase;
			buildActionMask = 2147483647;
			files = (
				FA76FDD1201BBB4700F0B2A9 /* ViewController.swift in Sources */,
				FA76FDCF201BBB4700F0B2A9 /* AppDelegate.swift in Sources */,
			);
			runOnlyForDeploymentPostprocessing = 0;
		};
/* End PBXSourcesBuildPhase section */

/* Begin PBXVariantGroup section */
		FA76FDD2201BBB4700F0B2A9 /* Main.storyboard */ = {
			isa = PBXVariantGroup;
			children = (
				FA76FDD3201BBB4700F0B2A9 /* Base */,
			);
			name = Main.storyboard;
			sourceTree = "<group>";
		};
		FA76FDD7201BBB4700F0B2A9 /* LaunchScreen.storyboard */ = {
			isa = PBXVariantGroup;
			children = (
				FA76FDD8201BBB4700F0B2A9 /* Base */,
			);
			name = LaunchScreen.storyboard;
			sourceTree = "<group>";
		};
/* End PBXVariantGroup section */

/* Begin XCBuildConfiguration section */
		FA76FDDB201BBB4700F0B2A9 /* Debug */ = {
			isa = XCBuildConfiguration;
			buildSettings = {
				ALWAYS_SEARCH_USER_PATHS = NO;
				CLANG_ANALYZER_NONNULL = YES;
				CLANG_ANALYZER_NUMBER_OBJECT_CONVERSION = YES_AGGRESSIVE;
				CLANG_CXX_LANGUAGE_STANDARD = "gnu++14";
				CLANG_CXX_LIBRARY = "libc++";
				CLANG_ENABLE_MODULES = YES;
				CLANG_ENABLE_OBJC_ARC = YES;
				CLANG_WARN_BLOCK_CAPTURE_AUTORELEASING = YES;
				CLANG_WARN_BOOL_CONVERSION = YES;
				CLANG_WARN_COMMA = YES;
				CLANG_WARN_CONSTANT_CONVERSION = YES;
				CLANG_WARN_DIRECT_OBJC_ISA_USAGE = YES_ERROR;
				CLANG_WARN_DOCUMENTATION_COMMENTS = YES;
				CLANG_WARN_EMPTY_BODY = YES;
				CLANG_WARN_ENUM_CONVERSION = YES;
				CLANG_WARN_INFINITE_RECURSION = YES;
				CLANG_WARN_INT_CONVERSION = YES;
				CLANG_WARN_NON_LITERAL_NULL_CONVERSION = YES;
				CLANG_WARN_OBJC_LITERAL_CONVERSION = YES;
				CLANG_WARN_OBJC_ROOT_CLASS = YES_ERROR;
				CLANG_WARN_RANGE_LOOP_ANALYSIS = YES;
				CLANG_WARN_STRICT_PROTOTYPES = YES;
				CLANG_WARN_SUSPICIOUS_MOVE = YES;
				CLANG_WARN_UNGUARDED_AVAILABILITY = YES_AGGRESSIVE;
				CLANG_WARN_UNREACHABLE_CODE = YES;
				CLANG_WARN__DUPLICATE_METHOD_MATCH = YES;
				CODE_SIGN_IDENTITY = "iPhone Developer";
				COPY_PHASE_STRIP = NO;
				DEBUG_INFORMATION_FORMAT = dwarf;
				ENABLE_STRICT_OBJC_MSGSEND = YES;
				ENABLE_TESTABILITY = YES;
				GCC_C_LANGUAGE_STANDARD = gnu11;
				GCC_DYNAMIC_NO_PIC = NO;
				GCC_NO_COMMON_BLOCKS = YES;
				GCC_OPTIMIZATION_LEVEL = 0;
				GCC_PREPROCESSOR_DEFINITIONS = (
					"DEBUG=1",
					"$(inherited)",
				);
				GCC_WARN_64_TO_32_BIT_CONVERSION = YES;
				GCC_WARN_ABOUT_RETURN_TYPE = YES_ERROR;
				GCC_WARN_UNDECLARED_SELECTOR = YES;
				GCC_WARN_UNINITIALIZED_AUTOS = YES_AGGRESSIVE;
				GCC_WARN_UNUSED_FUNCTION = YES;
				GCC_WARN_UNUSED_VARIABLE = YES;
				IPHONEOS_DEPLOYMENT_TARGET = 11.2;
				MTL_ENABLE_DEBUG_INFO = YES;
				ONLY_ACTIVE_ARCH = YES;
				SDKROOT = iphoneos;
				SWIFT_ACTIVE_COMPILATION_CONDITIONS = DEBUG;
				SWIFT_OPTIMIZATION_LEVEL = "-Onone";
			};
			name = Debug;
		};
		FA76FDDC201BBB4700F0B2A9 /* Release */ = {
			isa = XCBuildConfiguration;
			buildSettings = {
				ALWAYS_SEARCH_USER_PATHS = NO;
				CLANG_ANALYZER_NONNULL = YES;
				CLANG_ANALYZER_NUMBER_OBJECT_CONVERSION = YES_AGGRESSIVE;
				CLANG_CXX_LANGUAGE_STANDARD = "gnu++14";
				CLANG_CXX_LIBRARY = "libc++";
				CLANG_ENABLE_MODULES = YES;
				CLANG_ENABLE_OBJC_ARC = YES;
				CLANG_WARN_BLOCK_CAPTURE_AUTORELEASING = YES;
				CLANG_WARN_BOOL_CONVERSION = YES;
				CLANG_WARN_COMMA = YES;
				CLANG_WARN_CONSTANT_CONVERSION = YES;
				CLANG_WARN_DIRECT_OBJC_ISA_USAGE = YES_ERROR;
				CLANG_WARN_DOCUMENTATION_COMMENTS = YES;
				CLANG_WARN_EMPTY_BODY = YES;
				CLANG_WARN_ENUM_CONVERSION = YES;
				CLANG_WARN_INFINITE_RECURSION = YES;
				CLANG_WARN_INT_CONVERSION = YES;
				CLANG_WARN_NON_LITERAL_NULL_CONVERSION = YES;
				CLANG_WARN_OBJC_LITERAL_CONVERSION = YES;
				CLANG_WARN_OBJC_ROOT_CLASS = YES_ERROR;
				CLANG_WARN_RANGE_LOOP_ANALYSIS = YES;
				CLANG_WARN_STRICT_PROTOTYPES = YES;
				CLANG_WARN_SUSPICIOUS_MOVE = YES;
				CLANG_WARN_UNGUARDED_AVAILABILITY = YES_AGGRESSIVE;
				CLANG_WARN_UNREACHABLE_CODE = YES;
				CLANG_WARN__DUPLICATE_METHOD_MATCH = YES;
				CODE_SIGN_IDENTITY = "iPhone Developer";
				COPY_PHASE_STRIP = NO;
				DEBUG_INFORMATION_FORMAT = "dwarf-with-dsym";
				ENABLE_NS_ASSERTIONS = NO;
				ENABLE_STRICT_OBJC_MSGSEND = YES;
				GCC_C_LANGUAGE_STANDARD = gnu11;
				GCC_NO_COMMON_BLOCKS = YES;
				GCC_WARN_64_TO_32_BIT_CONVERSION = YES;
				GCC_WARN_ABOUT_RETURN_TYPE = YES_ERROR;
				GCC_WARN_UNDECLARED_SELECTOR = YES;
				GCC_WARN_UNINITIALIZED_AUTOS = YES_AGGRESSIVE;
				GCC_WARN_UNUSED_FUNCTION = YES;
				GCC_WARN_UNUSED_VARIABLE = YES;
				IPHONEOS_DEPLOYMENT_TARGET = 11.2;
				MTL_ENABLE_DEBUG_INFO = NO;
				SDKROOT = iphoneos;
				SWIFT_OPTIMIZATION_LEVEL = "-Owholemodule";
				VALIDATE_PRODUCT = YES;
			};
			name = Release;
		};
		FA76FDDE201BBB4700F0B2A9 /* Debug */ = {
			isa = XCBuildConfiguration;
			buildSettings = {
				ASSETCATALOG_COMPILER_APPICON_NAME = AppIcon;
				CODE_SIGN_STYLE = Automatic;
				DEVELOPMENT_TEAM = JH3Z3RWS6P;
				INFOPLIST_FILE = acasa_tech_test/Info.plist;
				LD_RUNPATH_SEARCH_PATHS = "$(inherited) @executable_path/Frameworks";
				PRODUCT_BUNDLE_IDENTIFIER = "com.alex.acasa-tech-test";
				PRODUCT_NAME = "$(TARGET_NAME)";
				SWIFT_VERSION = 4.0;
				TARGETED_DEVICE_FAMILY = "1,2";
			};
			name = Debug;
		};
		FA76FDDF201BBB4700F0B2A9 /* Release */ = {
			isa = XCBuildConfiguration;
			buildSettings = {
				ASSETCATALOG_COMPILER_APPICON_NAME = AppIcon;
				CODE_SIGN_STYLE = Automatic;
				DEVELOPMENT_TEAM = JH3Z3RWS6P;
				INFOPLIST_FILE = acasa_tech_test/Info.plist;
				LD_RUNPATH_SEARCH_PATHS = "$(inherited) @executable_path/Frameworks";
				PRODUCT_BUNDLE_IDENTIFIER = "com.alex.acasa-tech-test";
				PRODUCT_NAME = "$(TARGET_NAME)";
				SWIFT_VERSION = 4.0;
				TARGETED_DEVICE_FAMILY = "1,2";
			};
			name = Release;
		};
/* End XCBuildConfiguration section */

/* Begin XCConfigurationList section */
		FA76FDC6201BBB4700F0B2A9 /* Build configuration list for PBXProject "acasa_tech_test" */ = {
			isa = XCConfigurationList;
			buildConfigurations = (
				FA76FDDB201BBB4700F0B2A9 /* Debug */,
				FA76FDDC201BBB4700F0B2A9 /* Release */,
			);
			defaultConfigurationIsVisible = 0;
			defaultConfigurationName = Release;
		};
		FA76FDDD201BBB4700F0B2A9 /* Build configuration list for PBXNativeTarget "acasa_tech_test" */ = {
			isa = XCConfigurationList;
			buildConfigurations = (
				FA76FDDE201BBB4700F0B2A9 /* Debug */,
				FA76FDDF201BBB4700F0B2A9 /* Release */,
			);
			defaultConfigurationIsVisible = 0;
			defaultConfigurationName = Release;
		};
/* End XCConfigurationList section */
	};
	rootObject = FA76FDC3201BBB4700F0B2A9 /* Project object */;
}
